
Microsoft Visual Studio Solution File, Format Version 12.00
# Visual Studio Version 17
VisualStudioVersion = 17.2.32602.215
MinimumVisualStudioVersion = 10.0.40219.1
Project("{9A19103F-16F7-4668-BE54-9A1E7A4F7556}") = "qfbackend1", "qfbackend1\qfbackend1.csproj", "{788F4B7D-9BA5-4248-96B9-8C73ADDBBADF}"
EndProject
Global
	GlobalSection(SolutionConfigurationPlatforms) = preSolution
		Debug|Any CPU = Debug|Any CPU
		Release|Any CPU = Release|Any CPU
	EndGlobalSection
	GlobalSection(ProjectConfigurationPlatforms) = postSolution
		{788F4B7D-9BA5-4248-96B9-8C73ADDBBADF}.Debug|Any CPU.ActiveCfg = Debug|Any CPU
		{788F4B7D-9BA5-4248-96B9-8C73ADDBBADF}.Debug|Any CPU.Build.0 = Debug|Any CPU
		{788F4B7D-9BA5-4248-96B9-8C73ADDBBADF}.Release|Any CPU.ActiveCfg = Release|Any CPU
		{788F4B7D-9BA5-4248-96B9-8C73ADDBBADF}.Release|Any CPU.Build.0 = Release|Any CPU
	EndGlobalSection
	GlobalSection(SolutionProperties) = preSolution
		HideSolutionNode = FALSE
	EndGlobalSection
	GlobalSection(ExtensibilityGlobals) = postSolution
		SolutionGuid = {E0F141FB-84C9-491C-8FC9-D179B0F86AD2}
	EndGlobalSection
EndGlobal
